
Microsoft Visual Studio Solution File, Format Version 12.00
# Visual Studio Version 16
VisualStudioVersion = 16.0.31911.196
MinimumVisualStudioVersion = 10.0.40219.1
Project("{FAE04EC0-301F-11D3-BF4B-00C04F79EFBC}") = "OOP1", "OOP1.csproj", "{F4851445-D313-4C7A-B45D-EA6B2075CD58}"
EndProject
Global
	GlobalSection(SolutionConfigurationPlatforms) = preSolution
		Debug|Any CPU = Debug|Any CPU
		Release|Any CPU = Release|Any CPU
	EndGlobalSection
	GlobalSection(ProjectConfigurationPlatforms) = postSolution
		{F4851445-D313-4C7A-B45D-EA6B2075CD58}.Debug|Any CPU.ActiveCfg = Debug|Any CPU
		{F4851445-D313-4C7A-B45D-EA6B2075CD58}.Debug|Any CPU.Build.0 = Debug|Any CPU
		{F4851445-D313-4C7A-B45D-EA6B2075CD58}.Release|Any CPU.ActiveCfg = Release|Any CPU
		{F4851445-D313-4C7A-B45D-EA6B2075CD58}.Release|Any CPU.Build.0 = Release|Any CPU
	EndGlobalSection
	GlobalSection(SolutionProperties) = preSolution
		HideSolutionNode = FALSE
	EndGlobalSection
	GlobalSection(ExtensibilityGlobals) = postSolution
		SolutionGuid = {79E94BB4-3C64-4938-BD82-C696E0607613}
	EndGlobalSection
EndGlobal
